
Microsoft Visual Studio Solution File, Format Version 12.00
# Visual Studio Version 17
VisualStudioVersion = 17.9.34616.47
MinimumVisualStudioVersion = 10.0.40219.1
Project("{FAE04EC0-301F-11D3-BF4B-00C04F79EFBC}") = "ПР16", "ПР16\ПР16.csproj", "{59B6BD8F-4BB1-4646-B16C-C2A2DDDB2704}"
EndProject
Global
	GlobalSection(SolutionConfigurationPlatforms) = preSolution
		Debug|Any CPU = Debug|Any CPU
		Release|Any CPU = Release|Any CPU
	EndGlobalSection
	GlobalSection(ProjectConfigurationPlatforms) = postSolution
		{59B6BD8F-4BB1-4646-B16C-C2A2DDDB2704}.Debug|Any CPU.ActiveCfg = Debug|Any CPU
		{59B6BD8F-4BB1-4646-B16C-C2A2DDDB2704}.Debug|Any CPU.Build.0 = Debug|Any CPU
		{59B6BD8F-4BB1-4646-B16C-C2A2DDDB2704}.Release|Any CPU.ActiveCfg = Release|Any CPU
		{59B6BD8F-4BB1-4646-B16C-C2A2DDDB2704}.Release|Any CPU.Build.0 = Release|Any CPU
	EndGlobalSection
	GlobalSection(SolutionProperties) = preSolution
		HideSolutionNode = FALSE
	EndGlobalSection
	GlobalSection(ExtensibilityGlobals) = postSolution
		SolutionGuid = {2661BA3A-3785-40FA-AD57-111BE5AFFAAC}
	EndGlobalSection
EndGlobal
